
Microsoft Visual Studio Solution File, Format Version 12.00
# Visual Studio Version 16
VisualStudioVersion = 16.0.29924.181
MinimumVisualStudioVersion = 10.0.40219.1
Project("{9A19103F-16F7-4668-BE54-9A1E7A4F7556}") = "Tvision2.Core", "src\Tvision2.Core\Tvision2.Core.csproj", "{6E632521-A667-4A56-9C13-DB3D78E44485}"
EndProject
Project("{9A19103F-16F7-4668-BE54-9A1E7A4F7556}") = "Tvision2.Controls", "src\Tvision2.Controls\Tvision2.Controls.csproj", "{8725F868-C96B-41D5-8845-A339BBB45398}"
EndProject
Project("{9A19103F-16F7-4668-BE54-9A1E7A4F7556}") = "Tvision2.Statex", "src\Tvision2.Statex\Tvision2.Statex.csproj", "{94EBB376-12C7-452C-B113-AFE175F1AFDD}"
EndProject
Project("{9A19103F-16F7-4668-BE54-9A1E7A4F7556}") = "Tvision2.ConsoleDriver", "src\Tvision2.ConsoleDriver\Tvision2.ConsoleDriver.csproj", "{2E3BAD7D-74B5-41A7-9F13-AC07DBF5ECC5}"
EndProject
Project("{9A19103F-16F7-4668-BE54-9A1E7A4F7556}") = "Tvision2.Controls.Styles.Mc", "src\Tvision2.Controls.Styles.Mc\Tvision2.Controls.Styles.Mc.csproj", "{E699CC45-1BA8-49D2-8F79-352B3EDC8006}"
EndProject
Project("{9A19103F-16F7-4668-BE54-9A1E7A4F7556}") = "Tvision2.Layouts", "src\Tvision2.Layouts\Tvision2.Layouts.csproj", "{000C91CB-2B68-41ED-B293-590E848C5BCC}"
EndProject
Project("{2150E333-8FDC-42A3-9474-1A3956D46DE8}") = "Tests", "Tests", "{31E0103B-CAA7-43A4-89C3-BEE4C29A6363}"
EndProject
Project("{9A19103F-16F7-4668-BE54-9A1E7A4F7556}") = "Tvision2.Core.Tests", "tests\Tvision2.Core.Tests\Tvision2.Core.Tests.csproj", "{63234481-D20C-40EA-ABC4-57F42482DA3C}"
EndProject
Project("{9A19103F-16F7-4668-BE54-9A1E7A4F7556}") = "Tvision2.Viewports", "src\Tvision2.Viewports\Tvision2.Viewports.csproj", "{D2C6EF97-0950-4955-A4EB-8482EEBBB890}"
EndProject
Project("{2150E333-8FDC-42A3-9474-1A3956D46DE8}") = "Samples", "Samples", "{1FFF334B-6239-454C-8B05-991DC83C0D5A}"
EndProject
Project("{9A19103F-16F7-4668-BE54-9A1E7A4F7556}") = "Tvision2.Debug", "src\Tvision2.Debug\Tvision2.Debug.csproj", "{0B67C2E1-76ED-486C-87BD-F7091C897B4A}"
EndProject
Project("{9A19103F-16F7-4668-BE54-9A1E7A4F7556}") = "Tvision2.MidnightCommander", "samples\Tvision2.MidnightCommander\Tvision2.MidnightCommander.csproj", "{B272F9AF-7C0E-448E-B68A-163A2CC39EAE}"
EndProject
Project("{9A19103F-16F7-4668-BE54-9A1E7A4F7556}") = "Tvision2.Statex.Controls", "src\Tvision2.Statex.Controls\Tvision2.Statex.Controls.csproj", "{DA8CBE9D-5614-4FB9-BD8D-70B6A0BE5390}"
EndProject
Project("{9A19103F-16F7-4668-BE54-9A1E7A4F7556}") = "Tvision2.HelloWorld", "samples\Tvision2.HelloWorld\Tvision2.HelloWorld.csproj", "{CD6F38CC-1A3E-4F11-8FFE-2BD8F188730B}"
EndProject
Project("{9A19103F-16F7-4668-BE54-9A1E7A4F7556}") = "Tvision2.Dialogs", "src\Tvision2.Dialogs\Tvision2.Dialogs.csproj", "{300A2B0D-4FE0-486C-B820-D5B092E9B8BC}"
EndProject
Project("{9A19103F-16F7-4668-BE54-9A1E7A4F7556}") = "Tvision2.ControlsGallery", "samples\Tvision2.ControlsGallery\Tvision2.ControlsGallery.csproj", "{25CEE6D9-0F67-4E31-BEC4-19069AE2C575}"
EndProject
Project("{9A19103F-16F7-4668-BE54-9A1E7A4F7556}") = "Tvision2.TrueColor", "samples\Tvision2.TrueColor\Tvision2.TrueColor.csproj", "{106DE7A7-33E0-444A-8339-7778602849CC}"
EndProject
Project("{9A19103F-16F7-4668-BE54-9A1E7A4F7556}") = "Tvision2.Controls.Tests", "tests\Tvision2.Controls.Tests\Tvision2.Controls.Tests.csproj", "{B844E0BC-4EBF-481C-A936-20D896DFEF73}"
EndProject
Project("{9A19103F-16F7-4668-BE54-9A1E7A4F7556}") = "Tvision2.Xunit", "src\Tvision2.Xunit\Tvision2.Xunit.csproj", "{9EA03DE6-69B5-4668-B4C0-6D42D8F3DE76}"
EndProject
Project("{2150E333-8FDC-42A3-9474-1A3956D46DE8}") = "Blazor", "Blazor", "{7EA4F227-9CBC-4922-A525-452B86D8102B}"
EndProject
Project("{9A19103F-16F7-4668-BE54-9A1E7A4F7556}") = "BlazorTerm", "src\BlazorTerm\BlazorTerm.csproj", "{75A298DF-A9CA-4902-834F-72010AC68AB8}"
EndProject
Project("{2150E333-8FDC-42A3-9474-1A3956D46DE8}") = "Blazor", "Blazor", "{525F9278-A2D7-4A2B-A247-E1DBCDC20836}"
EndProject
Project("{9A19103F-16F7-4668-BE54-9A1E7A4F7556}") = "Tvision2.BlazorDemo", "samples\Tvision2.BlazorDemo\Tvision2.BlazorDemo.csproj", "{92056400-8AFF-4F4B-94E3-572FBDBD9A4D}"
EndProject
Project("{9A19103F-16F7-4668-BE54-9A1E7A4F7556}") = "Tvision2.Blazor", "src\Tvision2.Blazor\Tvision2.Blazor.csproj", "{C2E388C0-C288-4789-8075-4464F3624243}"
EndProject
Global
	GlobalSection(SolutionConfigurationPlatforms) = preSolution
		Debug|Any CPU = Debug|Any CPU
		Release|Any CPU = Release|Any CPU
	EndGlobalSection
	GlobalSection(ProjectConfigurationPlatforms) = postSolution
		{6E632521-A667-4A56-9C13-DB3D78E44485}.Debug|Any CPU.ActiveCfg = Debug|Any CPU
		{6E632521-A667-4A56-9C13-DB3D78E44485}.Debug|Any CPU.Build.0 = Debug|Any CPU
		{6E632521-A667-4A56-9C13-DB3D78E44485}.Release|Any CPU.ActiveCfg = Release|Any CPU
		{6E632521-A667-4A56-9C13-DB3D78E44485}.Release|Any CPU.Build.0 = Release|Any CPU
		{8725F868-C96B-41D5-8845-A339BBB45398}.Debug|Any CPU.ActiveCfg = Debug|Any CPU
		{8725F868-C96B-41D5-8845-A339BBB45398}.Debug|Any CPU.Build.0 = Debug|Any CPU
		{8725F868-C96B-41D5-8845-A339BBB45398}.Release|Any CPU.ActiveCfg = Release|Any CPU
		{8725F868-C96B-41D5-8845-A339BBB45398}.Release|Any CPU.Build.0 = Release|Any CPU
		{94EBB376-12C7-452C-B113-AFE175F1AFDD}.Debug|Any CPU.ActiveCfg = Debug|Any CPU
		{94EBB376-12C7-452C-B113-AFE175F1AFDD}.Debug|Any CPU.Build.0 = Debug|Any CPU
		{94EBB376-12C7-452C-B113-AFE175F1AFDD}.Release|Any CPU.ActiveCfg = Release|Any CPU
		{94EBB376-12C7-452C-B113-AFE175F1AFDD}.Release|Any CPU.Build.0 = Release|Any CPU
		{2E3BAD7D-74B5-41A7-9F13-AC07DBF5ECC5}.Debug|Any CPU.ActiveCfg = Debug|Any CPU
		{2E3BAD7D-74B5-41A7-9F13-AC07DBF5ECC5}.Debug|Any CPU.Build.0 = Debug|Any CPU
		{2E3BAD7D-74B5-41A7-9F13-AC07DBF5ECC5}.Release|Any CPU.ActiveCfg = Release|Any CPU
		{2E3BAD7D-74B5-41A7-9F13-AC07DBF5ECC5}.Release|Any CPU.Build.0 = Release|Any CPU
		{E699CC45-1BA8-49D2-8F79-352B3EDC8006}.Debug|Any CPU.ActiveCfg = Debug|Any CPU
		{E699CC45-1BA8-49D2-8F79-352B3EDC8006}.Debug|Any CPU.Build.0 = Debug|Any CPU
		{E699CC45-1BA8-49D2-8F79-352B3EDC8006}.Release|Any CPU.ActiveCfg = Release|Any CPU
		{E699CC45-1BA8-49D2-8F79-352B3EDC8006}.Release|Any CPU.Build.0 = Release|Any CPU
		{000C91CB-2B68-41ED-B293-590E848C5BCC}.Debug|Any CPU.ActiveCfg = Debug|Any CPU
		{000C91CB-2B68-41ED-B293-590E848C5BCC}.Debug|Any CPU.Build.0 = Debug|Any CPU
		{000C91CB-2B68-41ED-B293-590E848C5BCC}.Release|Any CPU.ActiveCfg = Release|Any CPU
		{000C91CB-2B68-41ED-B293-590E848C5BCC}.Release|Any CPU.Build.0 = Release|Any CPU
		{63234481-D20C-40EA-ABC4-57F42482DA3C}.Debug|Any CPU.ActiveCfg = Debug|Any CPU
		{63234481-D20C-40EA-ABC4-57F42482DA3C}.Debug|Any CPU.Build.0 = Debug|Any CPU
		{63234481-D20C-40EA-ABC4-57F42482DA3C}.Release|Any CPU.ActiveCfg = Release|Any CPU
		{63234481-D20C-40EA-ABC4-57F42482DA3C}.Release|Any CPU.Build.0 = Release|Any CPU
		{D2C6EF97-0950-4955-A4EB-8482EEBBB890}.Debug|Any CPU.ActiveCfg = Debug|Any CPU
		{D2C6EF97-0950-4955-A4EB-8482EEBBB890}.Debug|Any CPU.Build.0 = Debug|Any CPU
		{D2C6EF97-0950-4955-A4EB-8482EEBBB890}.Release|Any CPU.ActiveCfg = Release|Any CPU
		{D2C6EF97-0950-4955-A4EB-8482EEBBB890}.Release|Any CPU.Build.0 = Release|Any CPU
		{0B67C2E1-76ED-486C-87BD-F7091C897B4A}.Debug|Any CPU.ActiveCfg = Debug|Any CPU
		{0B67C2E1-76ED-486C-87BD-F7091C897B4A}.Debug|Any CPU.Build.0 = Debug|Any CPU
		{0B67C2E1-76ED-486C-87BD-F7091C897B4A}.Release|Any CPU.ActiveCfg = Release|Any CPU
		{0B67C2E1-76ED-486C-87BD-F7091C897B4A}.Release|Any CPU.Build.0 = Release|Any CPU
		{B272F9AF-7C0E-448E-B68A-163A2CC39EAE}.Debug|Any CPU.ActiveCfg = Debug|Any CPU
		{B272F9AF-7C0E-448E-B68A-163A2CC39EAE}.Debug|Any CPU.Build.0 = Debug|Any CPU
		{B272F9AF-7C0E-448E-B68A-163A2CC39EAE}.Release|Any CPU.ActiveCfg = Release|Any CPU
		{B272F9AF-7C0E-448E-B68A-163A2CC39EAE}.Release|Any CPU.Build.0 = Release|Any CPU
		{DA8CBE9D-5614-4FB9-BD8D-70B6A0BE5390}.Debug|Any CPU.ActiveCfg = Debug|Any CPU
		{DA8CBE9D-5614-4FB9-BD8D-70B6A0BE5390}.Debug|Any CPU.Build.0 = Debug|Any CPU
		{DA8CBE9D-5614-4FB9-BD8D-70B6A0BE5390}.Release|Any CPU.ActiveCfg = Release|Any CPU
		{DA8CBE9D-5614-4FB9-BD8D-70B6A0BE5390}.Release|Any CPU.Build.0 = Release|Any CPU
		{CD6F38CC-1A3E-4F11-8FFE-2BD8F188730B}.Debug|Any CPU.ActiveCfg = Debug|Any CPU
		{CD6F38CC-1A3E-4F11-8FFE-2BD8F188730B}.Debug|Any CPU.Build.0 = Debug|Any CPU
		{CD6F38CC-1A3E-4F11-8FFE-2BD8F188730B}.Release|Any CPU.ActiveCfg = Release|Any CPU
		{CD6F38CC-1A3E-4F11-8FFE-2BD8F188730B}.Release|Any CPU.Build.0 = Release|Any CPU
		{300A2B0D-4FE0-486C-B820-D5B092E9B8BC}.Debug|Any CPU.ActiveCfg = Debug|Any CPU
		{300A2B0D-4FE0-486C-B820-D5B092E9B8BC}.Debug|Any CPU.Build.0 = Debug|Any CPU
		{300A2B0D-4FE0-486C-B820-D5B092E9B8BC}.Release|Any CPU.ActiveCfg = Release|Any CPU
		{300A2B0D-4FE0-486C-B820-D5B092E9B8BC}.Release|Any CPU.Build.0 = Release|Any CPU
		{25CEE6D9-0F67-4E31-BEC4-19069AE2C575}.Debug|Any CPU.ActiveCfg = Debug|Any CPU
		{25CEE6D9-0F67-4E31-BEC4-19069AE2C575}.Debug|Any CPU.Build.0 = Debug|Any CPU
		{25CEE6D9-0F67-4E31-BEC4-19069AE2C575}.Release|Any CPU.ActiveCfg = Release|Any CPU
		{25CEE6D9-0F67-4E31-BEC4-19069AE2C575}.Release|Any CPU.Build.0 = Release|Any CPU
		{106DE7A7-33E0-444A-8339-7778602849CC}.Debug|Any CPU.ActiveCfg = Debug|Any CPU
		{106DE7A7-33E0-444A-8339-7778602849CC}.Debug|Any CPU.Build.0 = Debug|Any CPU
		{106DE7A7-33E0-444A-8339-7778602849CC}.Release|Any CPU.ActiveCfg = Release|Any CPU
		{106DE7A7-33E0-444A-8339-7778602849CC}.Release|Any CPU.Build.0 = Release|Any CPU
		{B844E0BC-4EBF-481C-A936-20D896DFEF73}.Debug|Any CPU.ActiveCfg = Debug|Any CPU
		{B844E0BC-4EBF-481C-A936-20D896DFEF73}.Debug|Any CPU.Build.0 = Debug|Any CPU
		{B844E0BC-4EBF-481C-A936-20D896DFEF73}.Release|Any CPU.ActiveCfg = Release|Any CPU
		{B844E0BC-4EBF-481C-A936-20D896DFEF73}.Release|Any CPU.Build.0 = Release|Any CPU
		{9EA03DE6-69B5-4668-B4C0-6D42D8F3DE76}.Debug|Any CPU.ActiveCfg = Debug|Any CPU
		{9EA03DE6-69B5-4668-B4C0-6D42D8F3DE76}.Debug|Any CPU.Build.0 = Debug|Any CPU
		{9EA03DE6-69B5-4668-B4C0-6D42D8F3DE76}.Release|Any CPU.ActiveCfg = Release|Any CPU
		{9EA03DE6-69B5-4668-B4C0-6D42D8F3DE76}.Release|Any CPU.Build.0 = Release|Any CPU
		{75A298DF-A9CA-4902-834F-72010AC68AB8}.Debug|Any CPU.ActiveCfg = Debug|Any CPU
		{75A298DF-A9CA-4902-834F-72010AC68AB8}.Debug|Any CPU.Build.0 = Debug|Any CPU
		{75A298DF-A9CA-4902-834F-72010AC68AB8}.Release|Any CPU.ActiveCfg = Release|Any CPU
		{75A298DF-A9CA-4902-834F-72010AC68AB8}.Release|Any CPU.Build.0 = Release|Any CPU
		{92056400-8AFF-4F4B-94E3-572FBDBD9A4D}.Debug|Any CPU.ActiveCfg = Debug|Any CPU
		{92056400-8AFF-4F4B-94E3-572FBDBD9A4D}.Debug|Any CPU.Build.0 = Debug|Any CPU
		{92056400-8AFF-4F4B-94E3-572FBDBD9A4D}.Release|Any CPU.ActiveCfg = Release|Any CPU
		{92056400-8AFF-4F4B-94E3-572FBDBD9A4D}.Release|Any CPU.Build.0 = Release|Any CPU
		{C2E388C0-C288-4789-8075-4464F3624243}.Debug|Any CPU.ActiveCfg = Debug|Any CPU
		{C2E388C0-C288-4789-8075-4464F3624243}.Debug|Any CPU.Build.0 = Debug|Any CPU
		{C2E388C0-C288-4789-8075-4464F3624243}.Release|Any CPU.ActiveCfg = Release|Any CPU
		{C2E388C0-C288-4789-8075-4464F3624243}.Release|Any CPU.Build.0 = Release|Any CPU
	EndGlobalSection
	GlobalSection(SolutionProperties) = preSolution
		HideSolutionNode = FALSE
	EndGlobalSection
	GlobalSection(NestedProjects) = preSolution
		{63234481-D20C-40EA-ABC4-57F42482DA3C} = {31E0103B-CAA7-43A4-89C3-BEE4C29A6363}
		{B272F9AF-7C0E-448E-B68A-163A2CC39EAE} = {1FFF334B-6239-454C-8B05-991DC83C0D5A}
		{CD6F38CC-1A3E-4F11-8FFE-2BD8F188730B} = {1FFF334B-6239-454C-8B05-991DC83C0D5A}
		{25CEE6D9-0F67-4E31-BEC4-19069AE2C575} = {1FFF334B-6239-454C-8B05-991DC83C0D5A}
		{106DE7A7-33E0-444A-8339-7778602849CC} = {1FFF334B-6239-454C-8B05-991DC83C0D5A}
		{B844E0BC-4EBF-481C-A936-20D896DFEF73} = {31E0103B-CAA7-43A4-89C3-BEE4C29A6363}
		{75A298DF-A9CA-4902-834F-72010AC68AB8} = {7EA4F227-9CBC-4922-A525-452B86D8102B}
		{525F9278-A2D7-4A2B-A247-E1DBCDC20836} = {1FFF334B-6239-454C-8B05-991DC83C0D5A}
		{92056400-8AFF-4F4B-94E3-572FBDBD9A4D} = {525F9278-A2D7-4A2B-A247-E1DBCDC20836}
		{C2E388C0-C288-4789-8075-4464F3624243} = {7EA4F227-9CBC-4922-A525-452B86D8102B}
	EndGlobalSection
	GlobalSection(ExtensibilityGlobals) = postSolution
		SolutionGuid = {EF2528A0-913B-4BF1-9136-4E8723945398}
	EndGlobalSection
EndGlobal
